// !$*UTF8*$!
{
	archiveVersion = 1;
	classes = {
	};
	objectVersion = 46;
	objects = {

/* Begin PBXBuildFile section */
		F7C277CD1F1F2CF800448E58 /* AppDelegate.swift in Sources */ = {isa = PBXBuildFile; fileRef = F7C277CC1F1F2CF800448E58 /* AppDelegate.swift */; };
		F7C277D21F1F2CF800448E58 /* Main.storyboard in Resources */ = {isa = PBXBuildFile; fileRef = F7C277D01F1F2CF800448E58 /* Main.storyboard */; };
		F7C277D51F1F2CF800448E58 /* DYZB.xcdatamodeld in Sources */ = {isa = PBXBuildFile; fileRef = F7C277D31F1F2CF800448E58 /* DYZB.xcdatamodeld */; };
		F7C277D71F1F2CF800448E58 /* Assets.xcassets in Resources */ = {isa = PBXBuildFile; fileRef = F7C277D61F1F2CF800448E58 /* Assets.xcassets */; };
		F7C277DA1F1F2CF800448E58 /* LaunchScreen.storyboard in Resources */ = {isa = PBXBuildFile; fileRef = F7C277D81F1F2CF800448E58 /* LaunchScreen.storyboard */; };
/* End PBXBuildFile section */

/* Begin PBXFileReference section */
		F7C277C91F1F2CF800448E58 /* DYZB.app */ = {isa = PBXFileReference; explicitFileType = wrapper.application; includeInIndex = 0; path = DYZB.app; sourceTree = BUILT_PRODUCTS_DIR; };
		F7C277CC1F1F2CF800448E58 /* AppDelegate.swift */ = {isa = PBXFileReference; lastKnownFileType = sourcecode.swift; path = AppDelegate.swift; sourceTree = "<group>"; };
		F7C277D11F1F2CF800448E58 /* Base */ = {isa = PBXFileReference; lastKnownFileType = file.storyboard; name = Base; path = Base.lproj/Main.storyboard; sourceTree = "<group>"; };
		F7C277D41F1F2CF800448E58 /* DYZB.xcdatamodel */ = {isa = PBXFileReference; lastKnownFileType = wrapper.xcdatamodel; path = DYZB.xcdatamodel; sourceTree = "<group>"; };
		F7C277D61F1F2CF800448E58 /* Assets.xcassets */ = {isa = PBXFileReference; lastKnownFileType = folder.assetcatalog; path = Assets.xcassets; sourceTree = "<group>"; };
		F7C277D91F1F2CF800448E58 /* Base */ = {isa = PBXFileReference; lastKnownFileType = file.storyboard; name = Base; path = Base.lproj/LaunchScreen.storyboard; sourceTree = "<group>"; };
		F7C277DB1F1F2CF800448E58 /* Info.plist */ = {isa = PBXFileReference; lastKnownFileType = text.plist.xml; path = Info.plist; sourceTree = "<group>"; };
/* End PBXFileReference section */

/* Begin PBXFrameworksBuildPhase section */
		F7C277C61F1F2CF800448E58 /* Frameworks */ = {
			isa = PBXFrameworksBuildPhase;
			buildActionMask = 2147483647;
			files = (
			);
			runOnlyForDeploymentPostprocessing = 0;
		};
/* End PBXFrameworksBuildPhase section */

/* Begin PBXGroup section */
		F7B7D9ED1F2092AC008C038D /* Classes */ = {
			isa = PBXGroup;
			children = (
				F7B7D9F11F2092AC008C038D /* Main */,
				F7B7D9EF1F2092AC008C038D /* Home */,
				F7B7D9F01F2092AC008C038D /* Live */,
				F7B7D9EE1F2092AC008C038D /* Follow */,
				F7B7D9F21F2092AC008C038D /* Profile */,
				F7B7D9F31F2092AC008C038D /* Tools */,
			);
			path = Classes;
			sourceTree = "<group>";
		};
		F7B7D9EE1F2092AC008C038D /* Follow */ = {
			isa = PBXGroup;
			children = (
			);
			path = Follow;
			sourceTree = "<group>";
		};
		F7B7D9EF1F2092AC008C038D /* Home */ = {
			isa = PBXGroup;
			children = (
			);
			path = Home;
			sourceTree = "<group>";
		};
		F7B7D9F01F2092AC008C038D /* Live */ = {
			isa = PBXGroup;
			children = (
			);
			path = Live;
			sourceTree = "<group>";
		};
		F7B7D9F11F2092AC008C038D /* Main */ = {
			isa = PBXGroup;
			children = (
			);
			path = Main;
			sourceTree = "<group>";
		};
		F7B7D9F21F2092AC008C038D /* Profile */ = {
			isa = PBXGroup;
			children = (
			);
			path = Profile;
			sourceTree = "<group>";
		};
		F7B7D9F31F2092AC008C038D /* Tools */ = {
			isa = PBXGroup;
			children = (
			);
			path = Tools;
			sourceTree = "<group>";
		};
		F7C277C01F1F2CF800448E58 = {
			isa = PBXGroup;
			children = (
				F7C277CB1F1F2CF800448E58 /* DYZB */,
				F7C277CA1F1F2CF800448E58 /* Products */,
			);
			sourceTree = "<group>";
		};
		F7C277CA1F1F2CF800448E58 /* Products */ = {
			isa = PBXGroup;
			children = (
				F7C277C91F1F2CF800448E58 /* DYZB.app */,
			);
			name = Products;
			sourceTree = "<group>";
		};
		F7C277CB1F1F2CF800448E58 /* DYZB */ = {
			isa = PBXGroup;
			children = (
				F7B7D9ED1F2092AC008C038D /* Classes */,
				F7C277CC1F1F2CF800448E58 /* AppDelegate.swift */,
				F7C277D01F1F2CF800448E58 /* Main.storyboard */,
				F7C277D61F1F2CF800448E58 /* Assets.xcassets */,
				F7C277D81F1F2CF800448E58 /* LaunchScreen.storyboard */,
				F7C277DB1F1F2CF800448E58 /* Info.plist */,
				F7C277D31F1F2CF800448E58 /* DYZB.xcdatamodeld */,
			);
			path = DYZB;
			sourceTree = "<group>";
		};
/* End PBXGroup section */

/* Begin PBXNativeTarget section */
		F7C277C81F1F2CF800448E58 /* DYZB */ = {
			isa = PBXNativeTarget;
			buildConfigurationList = F7C277DE1F1F2CF800448E58 /* Build configuration list for PBXNativeTarget "DYZB" */;
			buildPhases = (
				F7C277C51F1F2CF800448E58 /* Sources */,
				F7C277C61F1F2CF800448E58 /* Frameworks */,
				F7C277C71F1F2CF800448E58 /* Resources */,
			);
			buildRules = (
			);
			dependencies = (
			);
			name = DYZB;
			productName = DYZB;
			productReference = F7C277C91F1F2CF800448E58 /* DYZB.app */;
			productType = "com.apple.product-type.application";
		};
/* End PBXNativeTarget section */

/* Begin PBXProject section */
		F7C277C11F1F2CF800448E58 /* Project object */ = {
			isa = PBXProject;
			attributes = {
				LastSwiftUpdateCheck = 0830;
				LastUpgradeCheck = 0830;
				ORGANIZATIONNAME = JingKeCompany;
				TargetAttributes = {
					F7C277C81F1F2CF800448E58 = {
						CreatedOnToolsVersion = 8.3.3;
						DevelopmentTeam = 63MRD8XCUL;
						ProvisioningStyle = Automatic;
					};
				};
			};
			buildConfigurationList = F7C277C41F1F2CF800448E58 /* Build configuration list for PBXProject "DYZB" */;
			compatibilityVersion = "Xcode 3.2";
			developmentRegion = English;
			hasScannedForEncodings = 0;
			knownRegions = (
				en,
				Base,
			);
			mainGroup = F7C277C01F1F2CF800448E58;
			productRefGroup = F7C277CA1F1F2CF800448E58 /* Products */;
			projectDirPath = "";
			projectRoot = "";
			targets = (
				F7C277C81F1F2CF800448E58 /* DYZB */,
			);
		};
/* End PBXProject section */

/* Begin PBXResourcesBuildPhase section */
		F7C277C71F1F2CF800448E58 /* Resources */ = {
			isa = PBXResourcesBuildPhase;
			buildActionMask = 2147483647;
			files = (
				F7C277DA1F1F2CF800448E58 /* LaunchScreen.storyboard in Resources */,
				F7C277D71F1F2CF800448E58 /* Assets.xcassets in Resources */,
				F7C277D21F1F2CF800448E58 /* Main.storyboard in Resources */,
			);
			runOnlyForDeploymentPostprocessing = 0;
		};
/* End PBXResourcesBuildPhase section */

/* Begin PBXSourcesBuildPhase section */
		F7C277C51F1F2CF800448E58 /* Sources */ = {
			isa = PBXSourcesBuildPhase;
			buildActionMask = 2147483647;
			files = (
				F7C277D51F1F2CF800448E58 /* DYZB.xcdatamodeld in Sources */,
				F7C277CD1F1F2CF800448E58 /* AppDelegate.swift in Sources */,
			);
			runOnlyForDeploymentPostprocessing = 0;
		};
/* End PBXSourcesBuildPhase section */

/* Begin PBXVariantGroup section */
		F7C277D01F1F2CF800448E58 /* Main.storyboard */ = {
			isa = PBXVariantGroup;
			children = (
				F7C277D11F1F2CF800448E58 /* Base */,
			);
			name = Main.storyboard;
			sourceTree = "<group>";
		};
		F7C277D81F1F2CF800448E58 /* LaunchScreen.storyboard */ = {
			isa = PBXVariantGroup;
			children = (
				F7C277D91F1F2CF800448E58 /* Base */,
			);
			name = LaunchScreen.storyboard;
			sourceTree = "<group>";
		};
/* End PBXVariantGroup section */

/* Begin XCBuildConfiguration section */
		F7C277DC1F1F2CF800448E58 /* Debug */ = {
			isa = XCBuildConfiguration;
			buildSettings = {
				ALWAYS_SEARCH_USER_PATHS = NO;
				CLANG_ANALYZER_NONNULL = YES;
				CLANG_ANALYZER_NUMBER_OBJECT_CONVERSION = YES_AGGRESSIVE;
				CLANG_CXX_LANGUAGE_STANDARD = "gnu++0x";
				CLANG_CXX_LIBRARY = "libc++";
				CLANG_ENABLE_MODULES = YES;
				CLANG_ENABLE_OBJC_ARC = YES;
				CLANG_WARN_BOOL_CONVERSION = YES;
				CLANG_WARN_CONSTANT_CONVERSION = YES;
				CLANG_WARN_DIRECT_OBJC_ISA_USAGE = YES_ERROR;
				CLANG_WARN_DOCUMENTATION_COMMENTS = YES;
				CLANG_WARN_EMPTY_BODY = YES;
				CLANG_WARN_ENUM_CONVERSION = YES;
				CLANG_WARN_INFINITE_RECURSION = YES;
				CLANG_WARN_INT_CONVERSION = YES;
				CLANG_WARN_OBJC_ROOT_CLASS = YES_ERROR;
				CLANG_WARN_SUSPICIOUS_MOVE = YES;
				CLANG_WARN_UNREACHABLE_CODE = YES;
				CLANG_WARN__DUPLICATE_METHOD_MATCH = YES;
				"CODE_SIGN_IDENTITY[sdk=iphoneos*]" = "iPhone Developer";
				COPY_PHASE_STRIP = NO;
				DEBUG_INFORMATION_FORMAT = dwarf;
				ENABLE_STRICT_OBJC_MSGSEND = YES;
				ENABLE_TESTABILITY = YES;
				GCC_C_LANGUAGE_STANDARD = gnu99;
				GCC_DYNAMIC_NO_PIC = NO;
				GCC_NO_COMMON_BLOCKS = YES;
				GCC_OPTIMIZATION_LEVEL = 0;
				GCC_PREPROCESSOR_DEFINITIONS = (
					"DEBUG=1",
					"$(inherited)",
				);
				GCC_WARN_64_TO_32_BIT_CONVERSION = YES;
				GCC_WARN_ABOUT_RETURN_TYPE = YES_ERROR;
				GCC_WARN_UNDECLARED_SELECTOR = YES;
				GCC_WARN_UNINITIALIZED_AUTOS = YES_AGGRESSIVE;
				GCC_WARN_UNUSED_FUNCTION = YES;
				GCC_WARN_UNUSED_VARIABLE = YES;
				IPHONEOS_DEPLOYMENT_TARGET = 10.3;
				MTL_ENABLE_DEBUG_INFO = YES;
				ONLY_ACTIVE_ARCH = YES;
				SDKROOT = iphoneos;
				SWIFT_ACTIVE_COMPILATION_CONDITIONS = DEBUG;
				SWIFT_OPTIMIZATION_LEVEL = "-Onone";
				TARGETED_DEVICE_FAMILY = "1,2";
			};
			name = Debug;
		};
		F7C277DD1F1F2CF800448E58 /* Release */ = {
			isa = XCBuildConfiguration;
			buildSettings = {
				ALWAYS_SEARCH_USER_PATHS = NO;
				CLANG_ANALYZER_NONNULL = YES;
				CLANG_ANALYZER_NUMBER_OBJECT_CONVERSION = YES_AGGRESSIVE;
				CLANG_CXX_LANGUAGE_STANDARD = "gnu++0x";
				CLANG_CXX_LIBRARY = "libc++";
				CLANG_ENABLE_MODULES = YES;
				CLANG_ENABLE_OBJC_ARC = YES;
				CLANG_WARN_BOOL_CONVERSION = YES;
				CLANG_WARN_CONSTANT_CONVERSION = YES;
				CLANG_WARN_DIRECT_OBJC_ISA_USAGE = YES_ERROR;
				CLANG_WARN_DOCUMENTATION_COMMENTS = YES;
				CLANG_WARN_EMPTY_BODY = YES;
				CLANG_WARN_ENUM_CONVERSION = YES;
				CLANG_WARN_INFINITE_RECURSION = YES;
				CLANG_WARN_INT_CONVERSION = YES;
				CLANG_WARN_OBJC_ROOT_CLASS = YES_ERROR;
				CLANG_WARN_SUSPICIOUS_MOVE = YES;
				CLANG_WARN_UNREACHABLE_CODE = YES;
				CLANG_WARN__DUPLICATE_METHOD_MATCH = YES;
				"CODE_SIGN_IDENTITY[sdk=iphoneos*]" = "iPhone Developer";
				COPY_PHASE_STRIP = NO;
				DEBUG_INFORMATION_FORMAT = "dwarf-with-dsym";
				ENABLE_NS_ASSERTIONS = NO;
				ENABLE_STRICT_OBJC_MSGSEND = YES;
				GCC_C_LANGUAGE_STANDARD = gnu99;
				GCC_NO_COMMON_BLOCKS = YES;
				GCC_WARN_64_TO_32_BIT_CONVERSION = YES;
				GCC_WARN_ABOUT_RETURN_TYPE = YES_ERROR;
				GCC_WARN_UNDECLARED_SELECTOR = YES;
				GCC_WARN_UNINITIALIZED_AUTOS = YES_AGGRESSIVE;
				GCC_WARN_UNUSED_FUNCTION = YES;
				GCC_WARN_UNUSED_VARIABLE = YES;
				IPHONEOS_DEPLOYMENT_TARGET = 10.3;
				MTL_ENABLE_DEBUG_INFO = NO;
				SDKROOT = iphoneos;
				SWIFT_OPTIMIZATION_LEVEL = "-Owholemodule";
				TARGETED_DEVICE_FAMILY = "1,2";
				VALIDATE_PRODUCT = YES;
			};
			name = Release;
		};
		F7C277DF1F1F2CF800448E58 /* Debug */ = {
			isa = XCBuildConfiguration;
			buildSettings = {
				ASSETCATALOG_COMPILER_APPICON_NAME = AppIcon;
				ASSETCATALOG_COMPILER_LAUNCHIMAGE_NAME = LaunchImage;
				DEVELOPMENT_TEAM = 63MRD8XCUL;
				INFOPLIST_FILE = DYZB/Info.plist;
				IPHONEOS_DEPLOYMENT_TARGET = 9.0;
				LD_RUNPATH_SEARCH_PATHS = "$(inherited) @executable_path/Frameworks";
				PRODUCT_BUNDLE_IDENTIFIER = long.m.DYZB;
				PRODUCT_NAME = "$(TARGET_NAME)";
				SWIFT_VERSION = 3.0;
			};
			name = Debug;
		};
		F7C277E01F1F2CF800448E58 /* Release */ = {
			isa = XCBuildConfiguration;
			buildSettings = {
				ASSETCATALOG_COMPILER_APPICON_NAME = AppIcon;
				ASSETCATALOG_COMPILER_LAUNCHIMAGE_NAME = LaunchImage;
				DEVELOPMENT_TEAM = 63MRD8XCUL;
				INFOPLIST_FILE = DYZB/Info.plist;
				IPHONEOS_DEPLOYMENT_TARGET = 9.0;
				LD_RUNPATH_SEARCH_PATHS = "$(inherited) @executable_path/Frameworks";
				PRODUCT_BUNDLE_IDENTIFIER = long.m.DYZB;
				PRODUCT_NAME = "$(TARGET_NAME)";
				SWIFT_VERSION = 3.0;
			};
			name = Release;
		};
/* End XCBuildConfiguration section */

/* Begin XCConfigurationList section */
		F7C277C41F1F2CF800448E58 /* Build configuration list for PBXProject "DYZB" */ = {
			isa = XCConfigurationList;
			buildConfigurations = (
				F7C277DC1F1F2CF800448E58 /* Debug */,
				F7C277DD1F1F2CF800448E58 /* Release */,
			);
			defaultConfigurationIsVisible = 0;
			defaultConfigurationName = Release;
		};
		F7C277DE1F1F2CF800448E58 /* Build configuration list for PBXNativeTarget "DYZB" */ = {
			isa = XCConfigurationList;
			buildConfigurations = (
				F7C277DF1F1F2CF800448E58 /* Debug */,
				F7C277E01F1F2CF800448E58 /* Release */,
			);
			defaultConfigurationIsVisible = 0;
			defaultConfigurationName = Release;
		};
/* End XCConfigurationList section */

/* Begin XCVersionGroup section */
		F7C277D31F1F2CF800448E58 /* DYZB.xcdatamodeld */ = {
			isa = XCVersionGroup;
			children = (
				F7C277D41F1F2CF800448E58 /* DYZB.xcdatamodel */,
			);
			currentVersion = F7C277D41F1F2CF800448E58 /* DYZB.xcdatamodel */;
			path = DYZB.xcdatamodeld;
			sourceTree = "<group>";
			versionGroupType = wrapper.xcdatamodel;
		};
/* End XCVersionGroup section */
	};
	rootObject = F7C277C11F1F2CF800448E58 /* Project object */;
}
